
Microsoft Visual Studio Solution File, Format Version 12.00
# Visual Studio Version 16
VisualStudioVersion = 16.0.30320.27
MinimumVisualStudioVersion = 10.0.40219.1
Project("{2150E333-8FDC-42A3-9474-1A3956D46DE8}") = "基础设施", "基础设施", "{0CE9818A-4304-41E6-9D34-2945A7359846}"
EndProject
Project("{2150E333-8FDC-42A3-9474-1A3956D46DE8}") = "数据缓存接口", "数据缓存接口", "{B3A6857C-C336-40ED-99E7-EC9D55B14C41}"
EndProject
Project("{9A19103F-16F7-4668-BE54-9A1E7A4F7556}") = "TestCenter.Util", "TestCenter.Util\TestCenter.Util.csproj", "{4EBD4982-5460-48B7-8DDE-064F49A70DC0}"
EndProject
Project("{9A19103F-16F7-4668-BE54-9A1E7A4F7556}") = "TestCenter.Cache.Factory", "TestCenter.Cache.Factory\TestCenter.Cache.Factory.csproj", "{9F1B005F-F3D9-4145-BD77-CDEA55DAE456}"
EndProject
Project("{9A19103F-16F7-4668-BE54-9A1E7A4F7556}") = "TestCenter.Cache.Interface", "TestCenter.Cache.Interface\TestCenter.Cache.Interface.csproj", "{C0CC58DD-8C55-484F-84F8-81FBF83DBB57}"
EndProject
Project("{9A19103F-16F7-4668-BE54-9A1E7A4F7556}") = "TestCenter.MemoryCache", "TestCenter.MemoryCache\TestCenter.MemoryCache.csproj", "{0611011F-54F9-4165-85D7-A15524D891A7}"
EndProject
Project("{9A19103F-16F7-4668-BE54-9A1E7A4F7556}") = "TestCenter.RedisCache", "TestCenter.RedisCache\TestCenter.RedisCache.csproj", "{BA536757-89A0-4884-BD36-308E501695E7}"
EndProject
Project("{2150E333-8FDC-42A3-9474-1A3956D46DE8}") = "数据库核心", "数据库核心", "{EFE20965-E275-441B-811A-2D1E8F116215}"
EndProject
Project("{2150E333-8FDC-42A3-9474-1A3956D46DE8}") = "业务逻辑", "业务逻辑", "{60CAB243-E138-4566-B336-CDD39C11425B}"
EndProject
Project("{2150E333-8FDC-42A3-9474-1A3956D46DE8}") = "实体", "实体", "{76C426E5-6A54-4380-94DB-B8B1F77EB63B}"
EndProject
Project("{2150E333-8FDC-42A3-9474-1A3956D46DE8}") = "前端", "前端", "{FA8DA35F-B719-4C5D-9C8D-6183A5E4C8FD}"
EndProject
Project("{9A19103F-16F7-4668-BE54-9A1E7A4F7556}") = "TestCenter.Data", "TestCenter.Data\TestCenter.Data.csproj", "{2A3CAAE4-4AE9-4025-A3E7-FA7B9EF83E98}"
EndProject
Project("{9A19103F-16F7-4668-BE54-9A1E7A4F7556}") = "TestCenter.Data.EF", "TestCenter.Data.EF\TestCenter.Data.EF.csproj", "{0001D9AF-469D-4975-93FF-9D21DAF4323F}"
EndProject
Project("{9A19103F-16F7-4668-BE54-9A1E7A4F7556}") = "TestCenter.Data.Repository", "TestCenter.Data.Repository\TestCenter.Data.Repository.csproj", "{653E3D75-BABA-4D7A-BDE4-97AE3EC9B151}"
EndProject
Project("{9A19103F-16F7-4668-BE54-9A1E7A4F7556}") = "TestCenter.Entity", "TestCenter.Entity\TestCenter.Entity.csproj", "{A8B7FF9F-965E-4002-9BC1-43BFFFD73B61}"
EndProject
Project("{9A19103F-16F7-4668-BE54-9A1E7A4F7556}") = "TestCenter.Model", "TestCenter.Model\TestCenter.Model.csproj", "{BADCCB1D-1BD6-49C1-A7DB-C45C6D5B013E}"
EndProject
Project("{9A19103F-16F7-4668-BE54-9A1E7A4F7556}") = "TestCenter.Enum", "TestCenter.Enum\TestCenter.Enum.csproj", "{17D46E16-1267-4542-9BE9-2FF64B32F44B}"
EndProject
Project("{9A19103F-16F7-4668-BE54-9A1E7A4F7556}") = "TestCenter.Web.Code", "TestCenter.Web.Code\TestCenter.Web.Code.csproj", "{25BFD230-3906-4157-938E-D9A0AD7BD0A5}"
EndProject
Project("{9A19103F-16F7-4668-BE54-9A1E7A4F7556}") = "TestCenter.Business", "TestCenter.Business\TestCenter.Business.csproj", "{0B1ADCE0-52F6-4676-99A2-D26573E388BA}"
EndProject
Project("{9A19103F-16F7-4668-BE54-9A1E7A4F7556}") = "TestCenter.Service", "TestCenter.Service\TestCenter.Service.csproj", "{51ACB6EA-BB2C-4AFA-90A4-2D590D0C7D97}"
EndProject
Project("{9A19103F-16F7-4668-BE54-9A1E7A4F7556}") = "TestCenter.Business.Cache", "TestCenter.Business.Cache\TestCenter.Business.Cache.csproj", "{6211E37C-50BF-4D05-8FD3-C744EC09272F}"
EndProject
Project("{9A19103F-16F7-4668-BE54-9A1E7A4F7556}") = "TestCenter.Business.AutoJob", "TestCenter.Business.AutoJob\TestCenter.Business.AutoJob.csproj", "{BAC0BE78-4A8D-4CD4-A489-D1F103C21F98}"
EndProject
Project("{9A19103F-16F7-4668-BE54-9A1E7A4F7556}") = "TestCenter.Api", "TestCenter.Api\TestCenter.Api.csproj", "{7F352560-6E49-4290-AF69-C2450DD21B96}"
EndProject
Project("{9A19103F-16F7-4668-BE54-9A1E7A4F7556}") = "TestCenter.Mvc", "TestCenter.Mvc\TestCenter.Mvc.csproj", "{96F6A655-9A23-43A5-86DB-C028DB0B3890}"
EndProject
Project("{9A19103F-16F7-4668-BE54-9A1E7A4F7556}") = "TestCenter.IdGenerator", "TestCenter.IdGenerator\TestCenter.IdGenerator.csproj", "{1259758D-FA87-4CE0-98C6-7556344114DE}"
EndProject
Project("{9A19103F-16F7-4668-BE54-9A1E7A4F7556}") = "YiSha.Admin.Web", "YiSha.Admin.Web\YiSha.Admin.Web.csproj", "{C65986F7-A844-4A5F-8C4A-F62A290BF5F3}"
EndProject
Project("{9A19103F-16F7-4668-BE54-9A1E7A4F7556}") = "TestCenter.CodeGenerator", "TestCenter.CodeGenerator\TestCenter.CodeGenerator.csproj", "{854FFD26-A6CA-43AD-AFDC-E07074721D5B}"
EndProject
Global
	GlobalSection(SolutionConfigurationPlatforms) = preSolution
		Debug|Any CPU = Debug|Any CPU
		Release|Any CPU = Release|Any CPU
	EndGlobalSection
	GlobalSection(ProjectConfigurationPlatforms) = postSolution
		{4EBD4982-5460-48B7-8DDE-064F49A70DC0}.Debug|Any CPU.ActiveCfg = Debug|Any CPU
		{4EBD4982-5460-48B7-8DDE-064F49A70DC0}.Debug|Any CPU.Build.0 = Debug|Any CPU
		{4EBD4982-5460-48B7-8DDE-064F49A70DC0}.Release|Any CPU.ActiveCfg = Release|Any CPU
		{4EBD4982-5460-48B7-8DDE-064F49A70DC0}.Release|Any CPU.Build.0 = Release|Any CPU
		{9F1B005F-F3D9-4145-BD77-CDEA55DAE456}.Debug|Any CPU.ActiveCfg = Debug|Any CPU
		{9F1B005F-F3D9-4145-BD77-CDEA55DAE456}.Debug|Any CPU.Build.0 = Debug|Any CPU
		{9F1B005F-F3D9-4145-BD77-CDEA55DAE456}.Release|Any CPU.ActiveCfg = Release|Any CPU
		{9F1B005F-F3D9-4145-BD77-CDEA55DAE456}.Release|Any CPU.Build.0 = Release|Any CPU
		{C0CC58DD-8C55-484F-84F8-81FBF83DBB57}.Debug|Any CPU.ActiveCfg = Debug|Any CPU
		{C0CC58DD-8C55-484F-84F8-81FBF83DBB57}.Debug|Any CPU.Build.0 = Debug|Any CPU
		{C0CC58DD-8C55-484F-84F8-81FBF83DBB57}.Release|Any CPU.ActiveCfg = Release|Any CPU
		{C0CC58DD-8C55-484F-84F8-81FBF83DBB57}.Release|Any CPU.Build.0 = Release|Any CPU
		{0611011F-54F9-4165-85D7-A15524D891A7}.Debug|Any CPU.ActiveCfg = Debug|Any CPU
		{0611011F-54F9-4165-85D7-A15524D891A7}.Debug|Any CPU.Build.0 = Debug|Any CPU
		{0611011F-54F9-4165-85D7-A15524D891A7}.Release|Any CPU.ActiveCfg = Release|Any CPU
		{0611011F-54F9-4165-85D7-A15524D891A7}.Release|Any CPU.Build.0 = Release|Any CPU
		{BA536757-89A0-4884-BD36-308E501695E7}.Debug|Any CPU.ActiveCfg = Debug|Any CPU
		{BA536757-89A0-4884-BD36-308E501695E7}.Debug|Any CPU.Build.0 = Debug|Any CPU
		{BA536757-89A0-4884-BD36-308E501695E7}.Release|Any CPU.ActiveCfg = Release|Any CPU
		{BA536757-89A0-4884-BD36-308E501695E7}.Release|Any CPU.Build.0 = Release|Any CPU
		{2A3CAAE4-4AE9-4025-A3E7-FA7B9EF83E98}.Debug|Any CPU.ActiveCfg = Debug|Any CPU
		{2A3CAAE4-4AE9-4025-A3E7-FA7B9EF83E98}.Debug|Any CPU.Build.0 = Debug|Any CPU
		{2A3CAAE4-4AE9-4025-A3E7-FA7B9EF83E98}.Release|Any CPU.ActiveCfg = Release|Any CPU
		{2A3CAAE4-4AE9-4025-A3E7-FA7B9EF83E98}.Release|Any CPU.Build.0 = Release|Any CPU
		{0001D9AF-469D-4975-93FF-9D21DAF4323F}.Debug|Any CPU.ActiveCfg = Debug|Any CPU
		{0001D9AF-469D-4975-93FF-9D21DAF4323F}.Debug|Any CPU.Build.0 = Debug|Any CPU
		{0001D9AF-469D-4975-93FF-9D21DAF4323F}.Release|Any CPU.ActiveCfg = Release|Any CPU
		{0001D9AF-469D-4975-93FF-9D21DAF4323F}.Release|Any CPU.Build.0 = Release|Any CPU
		{653E3D75-BABA-4D7A-BDE4-97AE3EC9B151}.Debug|Any CPU.ActiveCfg = Debug|Any CPU
		{653E3D75-BABA-4D7A-BDE4-97AE3EC9B151}.Debug|Any CPU.Build.0 = Debug|Any CPU
		{653E3D75-BABA-4D7A-BDE4-97AE3EC9B151}.Release|Any CPU.ActiveCfg = Release|Any CPU
		{653E3D75-BABA-4D7A-BDE4-97AE3EC9B151}.Release|Any CPU.Build.0 = Release|Any CPU
		{A8B7FF9F-965E-4002-9BC1-43BFFFD73B61}.Debug|Any CPU.ActiveCfg = Debug|Any CPU
		{A8B7FF9F-965E-4002-9BC1-43BFFFD73B61}.Debug|Any CPU.Build.0 = Debug|Any CPU
		{A8B7FF9F-965E-4002-9BC1-43BFFFD73B61}.Release|Any CPU.ActiveCfg = Release|Any CPU
		{A8B7FF9F-965E-4002-9BC1-43BFFFD73B61}.Release|Any CPU.Build.0 = Release|Any CPU
		{BADCCB1D-1BD6-49C1-A7DB-C45C6D5B013E}.Debug|Any CPU.ActiveCfg = Debug|Any CPU
		{BADCCB1D-1BD6-49C1-A7DB-C45C6D5B013E}.Debug|Any CPU.Build.0 = Debug|Any CPU
		{BADCCB1D-1BD6-49C1-A7DB-C45C6D5B013E}.Release|Any CPU.ActiveCfg = Release|Any CPU
		{BADCCB1D-1BD6-49C1-A7DB-C45C6D5B013E}.Release|Any CPU.Build.0 = Release|Any CPU
		{17D46E16-1267-4542-9BE9-2FF64B32F44B}.Debug|Any CPU.ActiveCfg = Debug|Any CPU
		{17D46E16-1267-4542-9BE9-2FF64B32F44B}.Debug|Any CPU.Build.0 = Debug|Any CPU
		{17D46E16-1267-4542-9BE9-2FF64B32F44B}.Release|Any CPU.ActiveCfg = Release|Any CPU
		{17D46E16-1267-4542-9BE9-2FF64B32F44B}.Release|Any CPU.Build.0 = Release|Any CPU
		{25BFD230-3906-4157-938E-D9A0AD7BD0A5}.Debug|Any CPU.ActiveCfg = Debug|Any CPU
		{25BFD230-3906-4157-938E-D9A0AD7BD0A5}.Debug|Any CPU.Build.0 = Debug|Any CPU
		{25BFD230-3906-4157-938E-D9A0AD7BD0A5}.Release|Any CPU.ActiveCfg = Release|Any CPU
		{25BFD230-3906-4157-938E-D9A0AD7BD0A5}.Release|Any CPU.Build.0 = Release|Any CPU
		{0B1ADCE0-52F6-4676-99A2-D26573E388BA}.Debug|Any CPU.ActiveCfg = Debug|Any CPU
		{0B1ADCE0-52F6-4676-99A2-D26573E388BA}.Debug|Any CPU.Build.0 = Debug|Any CPU
		{0B1ADCE0-52F6-4676-99A2-D26573E388BA}.Release|Any CPU.ActiveCfg = Release|Any CPU
		{0B1ADCE0-52F6-4676-99A2-D26573E388BA}.Release|Any CPU.Build.0 = Release|Any CPU
		{51ACB6EA-BB2C-4AFA-90A4-2D590D0C7D97}.Debug|Any CPU.ActiveCfg = Debug|Any CPU
		{51ACB6EA-BB2C-4AFA-90A4-2D590D0C7D97}.Debug|Any CPU.Build.0 = Debug|Any CPU
		{51ACB6EA-BB2C-4AFA-90A4-2D590D0C7D97}.Release|Any CPU.ActiveCfg = Release|Any CPU
		{51ACB6EA-BB2C-4AFA-90A4-2D590D0C7D97}.Release|Any CPU.Build.0 = Release|Any CPU
		{6211E37C-50BF-4D05-8FD3-C744EC09272F}.Debug|Any CPU.ActiveCfg = Debug|Any CPU
		{6211E37C-50BF-4D05-8FD3-C744EC09272F}.Debug|Any CPU.Build.0 = Debug|Any CPU
		{6211E37C-50BF-4D05-8FD3-C744EC09272F}.Release|Any CPU.ActiveCfg = Release|Any CPU
		{6211E37C-50BF-4D05-8FD3-C744EC09272F}.Release|Any CPU.Build.0 = Release|Any CPU
		{BAC0BE78-4A8D-4CD4-A489-D1F103C21F98}.Debug|Any CPU.ActiveCfg = Debug|Any CPU
		{BAC0BE78-4A8D-4CD4-A489-D1F103C21F98}.Debug|Any CPU.Build.0 = Debug|Any CPU
		{BAC0BE78-4A8D-4CD4-A489-D1F103C21F98}.Release|Any CPU.ActiveCfg = Release|Any CPU
		{BAC0BE78-4A8D-4CD4-A489-D1F103C21F98}.Release|Any CPU.Build.0 = Release|Any CPU
		{7F352560-6E49-4290-AF69-C2450DD21B96}.Debug|Any CPU.ActiveCfg = Debug|Any CPU
		{7F352560-6E49-4290-AF69-C2450DD21B96}.Debug|Any CPU.Build.0 = Debug|Any CPU
		{7F352560-6E49-4290-AF69-C2450DD21B96}.Release|Any CPU.ActiveCfg = Release|Any CPU
		{7F352560-6E49-4290-AF69-C2450DD21B96}.Release|Any CPU.Build.0 = Release|Any CPU
		{96F6A655-9A23-43A5-86DB-C028DB0B3890}.Debug|Any CPU.ActiveCfg = Debug|Any CPU
		{96F6A655-9A23-43A5-86DB-C028DB0B3890}.Debug|Any CPU.Build.0 = Debug|Any CPU
		{96F6A655-9A23-43A5-86DB-C028DB0B3890}.Release|Any CPU.ActiveCfg = Release|Any CPU
		{96F6A655-9A23-43A5-86DB-C028DB0B3890}.Release|Any CPU.Build.0 = Release|Any CPU
		{1259758D-FA87-4CE0-98C6-7556344114DE}.Debug|Any CPU.ActiveCfg = Debug|Any CPU
		{1259758D-FA87-4CE0-98C6-7556344114DE}.Debug|Any CPU.Build.0 = Debug|Any CPU
		{1259758D-FA87-4CE0-98C6-7556344114DE}.Release|Any CPU.ActiveCfg = Release|Any CPU
		{1259758D-FA87-4CE0-98C6-7556344114DE}.Release|Any CPU.Build.0 = Release|Any CPU
		{C65986F7-A844-4A5F-8C4A-F62A290BF5F3}.Debug|Any CPU.ActiveCfg = Debug|Any CPU
		{C65986F7-A844-4A5F-8C4A-F62A290BF5F3}.Debug|Any CPU.Build.0 = Debug|Any CPU
		{C65986F7-A844-4A5F-8C4A-F62A290BF5F3}.Release|Any CPU.ActiveCfg = Release|Any CPU
		{C65986F7-A844-4A5F-8C4A-F62A290BF5F3}.Release|Any CPU.Build.0 = Release|Any CPU
		{854FFD26-A6CA-43AD-AFDC-E07074721D5B}.Debug|Any CPU.ActiveCfg = Debug|Any CPU
		{854FFD26-A6CA-43AD-AFDC-E07074721D5B}.Debug|Any CPU.Build.0 = Debug|Any CPU
		{854FFD26-A6CA-43AD-AFDC-E07074721D5B}.Release|Any CPU.ActiveCfg = Release|Any CPU
		{854FFD26-A6CA-43AD-AFDC-E07074721D5B}.Release|Any CPU.Build.0 = Release|Any CPU
	EndGlobalSection
	GlobalSection(SolutionProperties) = preSolution
		HideSolutionNode = FALSE
	EndGlobalSection
	GlobalSection(NestedProjects) = preSolution
		{B3A6857C-C336-40ED-99E7-EC9D55B14C41} = {0CE9818A-4304-41E6-9D34-2945A7359846}
		{4EBD4982-5460-48B7-8DDE-064F49A70DC0} = {0CE9818A-4304-41E6-9D34-2945A7359846}
		{9F1B005F-F3D9-4145-BD77-CDEA55DAE456} = {B3A6857C-C336-40ED-99E7-EC9D55B14C41}
		{C0CC58DD-8C55-484F-84F8-81FBF83DBB57} = {B3A6857C-C336-40ED-99E7-EC9D55B14C41}
		{0611011F-54F9-4165-85D7-A15524D891A7} = {B3A6857C-C336-40ED-99E7-EC9D55B14C41}
		{BA536757-89A0-4884-BD36-308E501695E7} = {B3A6857C-C336-40ED-99E7-EC9D55B14C41}
		{2A3CAAE4-4AE9-4025-A3E7-FA7B9EF83E98} = {EFE20965-E275-441B-811A-2D1E8F116215}
		{0001D9AF-469D-4975-93FF-9D21DAF4323F} = {EFE20965-E275-441B-811A-2D1E8F116215}
		{653E3D75-BABA-4D7A-BDE4-97AE3EC9B151} = {EFE20965-E275-441B-811A-2D1E8F116215}
		{A8B7FF9F-965E-4002-9BC1-43BFFFD73B61} = {76C426E5-6A54-4380-94DB-B8B1F77EB63B}
		{BADCCB1D-1BD6-49C1-A7DB-C45C6D5B013E} = {76C426E5-6A54-4380-94DB-B8B1F77EB63B}
		{17D46E16-1267-4542-9BE9-2FF64B32F44B} = {76C426E5-6A54-4380-94DB-B8B1F77EB63B}
		{25BFD230-3906-4157-938E-D9A0AD7BD0A5} = {FA8DA35F-B719-4C5D-9C8D-6183A5E4C8FD}
		{0B1ADCE0-52F6-4676-99A2-D26573E388BA} = {60CAB243-E138-4566-B336-CDD39C11425B}
		{51ACB6EA-BB2C-4AFA-90A4-2D590D0C7D97} = {60CAB243-E138-4566-B336-CDD39C11425B}
		{6211E37C-50BF-4D05-8FD3-C744EC09272F} = {60CAB243-E138-4566-B336-CDD39C11425B}
		{BAC0BE78-4A8D-4CD4-A489-D1F103C21F98} = {60CAB243-E138-4566-B336-CDD39C11425B}
		{7F352560-6E49-4290-AF69-C2450DD21B96} = {FA8DA35F-B719-4C5D-9C8D-6183A5E4C8FD}
		{96F6A655-9A23-43A5-86DB-C028DB0B3890} = {FA8DA35F-B719-4C5D-9C8D-6183A5E4C8FD}
		{1259758D-FA87-4CE0-98C6-7556344114DE} = {0CE9818A-4304-41E6-9D34-2945A7359846}
		{C65986F7-A844-4A5F-8C4A-F62A290BF5F3} = {FA8DA35F-B719-4C5D-9C8D-6183A5E4C8FD}
		{854FFD26-A6CA-43AD-AFDC-E07074721D5B} = {0CE9818A-4304-41E6-9D34-2945A7359846}
	EndGlobalSection
	GlobalSection(ExtensibilityGlobals) = postSolution
		SolutionGuid = {C6D24145-8211-4630-A5E6-7FF31FABFC5C}
	EndGlobalSection
EndGlobal
